// !$*UTF8*$!
{
	archiveVersion = 1;
	classes = {
	};
	objectVersion = 51;
	objects = {

/* Begin PBXBuildFile section */
		841FD04924A35C720039E4E0 /* AppDelegate.swift in Sources */ = {isa = PBXBuildFile; fileRef = 841FD04824A35C720039E4E0 /* AppDelegate.swift */; };
		841FD04B24A35C720039E4E0 /* SceneDelegate.swift in Sources */ = {isa = PBXBuildFile; fileRef = 841FD04A24A35C720039E4E0 /* SceneDelegate.swift */; };
		841FD04D24A35C720039E4E0 /* ViewController.swift in Sources */ = {isa = PBXBuildFile; fileRef = 841FD04C24A35C720039E4E0 /* ViewController.swift */; };
		841FD05024A35C720039E4E0 /* Main.storyboard in Resources */ = {isa = PBXBuildFile; fileRef = 841FD04E24A35C720039E4E0 /* Main.storyboard */; };
		841FD05224A35C740039E4E0 /* Assets.xcassets in Resources */ = {isa = PBXBuildFile; fileRef = 841FD05124A35C740039E4E0 /* Assets.xcassets */; };
		841FD05524A35C740039E4E0 /* LaunchScreen.storyboard in Resources */ = {isa = PBXBuildFile; fileRef = 841FD05324A35C740039E4E0 /* LaunchScreen.storyboard */; };
		845B90F624B9AD9E000A44C7 /* StatusCustomCell.swift in Sources */ = {isa = PBXBuildFile; fileRef = 845B90F424B9AD9E000A44C7 /* StatusCustomCell.swift */; };
		845B90F724B9AD9E000A44C7 /* StatusCustomCell.xib in Resources */ = {isa = PBXBuildFile; fileRef = 845B90F524B9AD9E000A44C7 /* StatusCustomCell.xib */; };
		845B90FE24B9AEB8000A44C7 /* NoticeCustomCell.swift in Sources */ = {isa = PBXBuildFile; fileRef = 845B90FC24B9AEB8000A44C7 /* NoticeCustomCell.swift */; };
		845B90FF24B9AEB8000A44C7 /* NoticeCustomCell.xib in Resources */ = {isa = PBXBuildFile; fileRef = 845B90FD24B9AEB8000A44C7 /* NoticeCustomCell.xib */; };
		845B910224B9DBEC000A44C7 /* TimeCustomCell.swift in Sources */ = {isa = PBXBuildFile; fileRef = 845B910024B9DBEC000A44C7 /* TimeCustomCell.swift */; };
		845B910324B9DBEC000A44C7 /* TimeCustomCell.xib in Resources */ = {isa = PBXBuildFile; fileRef = 845B910124B9DBEC000A44C7 /* TimeCustomCell.xib */; };
		845B910624B9E577000A44C7 /* MemoCustomCell.swift in Sources */ = {isa = PBXBuildFile; fileRef = 845B910424B9E577000A44C7 /* MemoCustomCell.swift */; };
		845B910724B9E577000A44C7 /* MemoCustomCell.xib in Resources */ = {isa = PBXBuildFile; fileRef = 845B910524B9E577000A44C7 /* MemoCustomCell.xib */; };
		8463562024B87A75002C3962 /* CreateViewController.swift in Sources */ = {isa = PBXBuildFile; fileRef = 8463561F24B87A75002C3962 /* CreateViewController.swift */; };
		8463562324B87E26002C3962 /* CustomCell.swift in Sources */ = {isa = PBXBuildFile; fileRef = 8463562124B87E26002C3962 /* CustomCell.swift */; };
		8463562424B87E26002C3962 /* CustomCell.xib in Resources */ = {isa = PBXBuildFile; fileRef = 8463562224B87E26002C3962 /* CustomCell.xib */; };
		8463562724B88363002C3962 /* DateCustomCell.swift in Sources */ = {isa = PBXBuildFile; fileRef = 8463562524B88363002C3962 /* DateCustomCell.swift */; };
		8463562824B88363002C3962 /* DateCustomCell.xib in Resources */ = {isa = PBXBuildFile; fileRef = 8463562624B88363002C3962 /* DateCustomCell.xib */; };
		FD98881647D3DE75B9C97D9C /* Pods_MyCalendar.framework in Frameworks */ = {isa = PBXBuildFile; fileRef = 63891DC2A03C9E946DDD745B /* Pods_MyCalendar.framework */; };
/* End PBXBuildFile section */

/* Begin PBXFileReference section */
		63891DC2A03C9E946DDD745B /* Pods_MyCalendar.framework */ = {isa = PBXFileReference; explicitFileType = wrapper.framework; includeInIndex = 0; path = Pods_MyCalendar.framework; sourceTree = BUILT_PRODUCTS_DIR; };
		6B815F55C0DD07D305E73BD5 /* Pods-MyCalendar.debug.xcconfig */ = {isa = PBXFileReference; includeInIndex = 1; lastKnownFileType = text.xcconfig; name = "Pods-MyCalendar.debug.xcconfig"; path = "Target Support Files/Pods-MyCalendar/Pods-MyCalendar.debug.xcconfig"; sourceTree = "<group>"; };
		841FD04524A35C720039E4E0 /* MyCalendar.app */ = {isa = PBXFileReference; explicitFileType = wrapper.application; includeInIndex = 0; path = MyCalendar.app; sourceTree = BUILT_PRODUCTS_DIR; };
		841FD04824A35C720039E4E0 /* AppDelegate.swift */ = {isa = PBXFileReference; lastKnownFileType = sourcecode.swift; path = AppDelegate.swift; sourceTree = "<group>"; };
		841FD04A24A35C720039E4E0 /* SceneDelegate.swift */ = {isa = PBXFileReference; lastKnownFileType = sourcecode.swift; path = SceneDelegate.swift; sourceTree = "<group>"; };
		841FD04C24A35C720039E4E0 /* ViewController.swift */ = {isa = PBXFileReference; lastKnownFileType = sourcecode.swift; path = ViewController.swift; sourceTree = "<group>"; };
		841FD04F24A35C720039E4E0 /* Base */ = {isa = PBXFileReference; lastKnownFileType = file.storyboard; name = Base; path = Base.lproj/Main.storyboard; sourceTree = "<group>"; };
		841FD05124A35C740039E4E0 /* Assets.xcassets */ = {isa = PBXFileReference; lastKnownFileType = folder.assetcatalog; path = Assets.xcassets; sourceTree = "<group>"; };
		841FD05424A35C740039E4E0 /* Base */ = {isa = PBXFileReference; lastKnownFileType = file.storyboard; name = Base; path = Base.lproj/LaunchScreen.storyboard; sourceTree = "<group>"; };
		841FD05624A35C740039E4E0 /* Info.plist */ = {isa = PBXFileReference; lastKnownFileType = text.plist.xml; path = Info.plist; sourceTree = "<group>"; };
		845B90F424B9AD9E000A44C7 /* StatusCustomCell.swift */ = {isa = PBXFileReference; lastKnownFileType = sourcecode.swift; path = StatusCustomCell.swift; sourceTree = "<group>"; };
		845B90F524B9AD9E000A44C7 /* StatusCustomCell.xib */ = {isa = PBXFileReference; lastKnownFileType = file.xib; path = StatusCustomCell.xib; sourceTree = "<group>"; };
		845B90FC24B9AEB8000A44C7 /* NoticeCustomCell.swift */ = {isa = PBXFileReference; lastKnownFileType = sourcecode.swift; path = NoticeCustomCell.swift; sourceTree = "<group>"; };
		845B90FD24B9AEB8000A44C7 /* NoticeCustomCell.xib */ = {isa = PBXFileReference; lastKnownFileType = file.xib; path = NoticeCustomCell.xib; sourceTree = "<group>"; };
		845B910024B9DBEC000A44C7 /* TimeCustomCell.swift */ = {isa = PBXFileReference; lastKnownFileType = sourcecode.swift; path = TimeCustomCell.swift; sourceTree = "<group>"; };
		845B910124B9DBEC000A44C7 /* TimeCustomCell.xib */ = {isa = PBXFileReference; lastKnownFileType = file.xib; path = TimeCustomCell.xib; sourceTree = "<group>"; };
		845B910424B9E577000A44C7 /* MemoCustomCell.swift */ = {isa = PBXFileReference; lastKnownFileType = sourcecode.swift; path = MemoCustomCell.swift; sourceTree = "<group>"; };
		845B910524B9E577000A44C7 /* MemoCustomCell.xib */ = {isa = PBXFileReference; lastKnownFileType = file.xib; path = MemoCustomCell.xib; sourceTree = "<group>"; };
		8463561F24B87A75002C3962 /* CreateViewController.swift */ = {isa = PBXFileReference; lastKnownFileType = sourcecode.swift; path = CreateViewController.swift; sourceTree = "<group>"; };
		8463562124B87E26002C3962 /* CustomCell.swift */ = {isa = PBXFileReference; lastKnownFileType = sourcecode.swift; path = CustomCell.swift; sourceTree = "<group>"; };
		8463562224B87E26002C3962 /* CustomCell.xib */ = {isa = PBXFileReference; lastKnownFileType = file.xib; path = CustomCell.xib; sourceTree = "<group>"; };
		8463562524B88363002C3962 /* DateCustomCell.swift */ = {isa = PBXFileReference; lastKnownFileType = sourcecode.swift; path = DateCustomCell.swift; sourceTree = "<group>"; };
		8463562624B88363002C3962 /* DateCustomCell.xib */ = {isa = PBXFileReference; lastKnownFileType = file.xib; path = DateCustomCell.xib; sourceTree = "<group>"; };
		D0AE01226C5E5F919FEB600E /* Pods-MyCalendar.release.xcconfig */ = {isa = PBXFileReference; includeInIndex = 1; lastKnownFileType = text.xcconfig; name = "Pods-MyCalendar.release.xcconfig"; path = "Target Support Files/Pods-MyCalendar/Pods-MyCalendar.release.xcconfig"; sourceTree = "<group>"; };
/* End PBXFileReference section */

/* Begin PBXFrameworksBuildPhase section */
		841FD04224A35C720039E4E0 /* Frameworks */ = {
			isa = PBXFrameworksBuildPhase;
			buildActionMask = 2147483647;
			files = (
				FD98881647D3DE75B9C97D9C /* Pods_MyCalendar.framework in Frameworks */,
			);
			runOnlyForDeploymentPostprocessing = 0;
		};
/* End PBXFrameworksBuildPhase section */

/* Begin PBXGroup section */
		226875D0D4049C735F2B427F /* Frameworks */ = {
			isa = PBXGroup;
			children = (
				63891DC2A03C9E946DDD745B /* Pods_MyCalendar.framework */,
			);
			name = Frameworks;
			sourceTree = "<group>";
		};
		841FD03C24A35C720039E4E0 = {
			isa = PBXGroup;
			children = (
				841FD04724A35C720039E4E0 /* MyCalendar */,
				841FD04624A35C720039E4E0 /* Products */,
				C2DFBF10EA08DF277FA05328 /* Pods */,
				226875D0D4049C735F2B427F /* Frameworks */,
			);
			sourceTree = "<group>";
		};
		841FD04624A35C720039E4E0 /* Products */ = {
			isa = PBXGroup;
			children = (
				841FD04524A35C720039E4E0 /* MyCalendar.app */,
			);
			name = Products;
			sourceTree = "<group>";
		};
		841FD04724A35C720039E4E0 /* MyCalendar */ = {
			isa = PBXGroup;
			children = (
				8463561E24B87A0F002C3962 /* Model */,
				8463561D24B87A08002C3962 /* View */,
				8463561B24B879F1002C3962 /* Controller */,
				841FD05324A35C740039E4E0 /* LaunchScreen.storyboard */,
				841FD05624A35C740039E4E0 /* Info.plist */,
			);
			path = MyCalendar;
			sourceTree = "<group>";
		};
		8463561B24B879F1002C3962 /* Controller */ = {
			isa = PBXGroup;
			children = (
				841FD04824A35C720039E4E0 /* AppDelegate.swift */,
				841FD04A24A35C720039E4E0 /* SceneDelegate.swift */,
				841FD04C24A35C720039E4E0 /* ViewController.swift */,
				8463561F24B87A75002C3962 /* CreateViewController.swift */,
			);
			path = Controller;
			sourceTree = "<group>";
		};
		8463561D24B87A08002C3962 /* View */ = {
			isa = PBXGroup;
			children = (
				841FD04E24A35C720039E4E0 /* Main.storyboard */,
				841FD05124A35C740039E4E0 /* Assets.xcassets */,
				8463562124B87E26002C3962 /* CustomCell.swift */,
				8463562224B87E26002C3962 /* CustomCell.xib */,
				845B90F424B9AD9E000A44C7 /* StatusCustomCell.swift */,
				845B90F524B9AD9E000A44C7 /* StatusCustomCell.xib */,
				8463562524B88363002C3962 /* DateCustomCell.swift */,
				8463562624B88363002C3962 /* DateCustomCell.xib */,
				845B90FC24B9AEB8000A44C7 /* NoticeCustomCell.swift */,
				845B90FD24B9AEB8000A44C7 /* NoticeCustomCell.xib */,
				845B910024B9DBEC000A44C7 /* TimeCustomCell.swift */,
				845B910124B9DBEC000A44C7 /* TimeCustomCell.xib */,
				845B910424B9E577000A44C7 /* MemoCustomCell.swift */,
				845B910524B9E577000A44C7 /* MemoCustomCell.xib */,
			);
			path = View;
			sourceTree = "<group>";
		};
		8463561E24B87A0F002C3962 /* Model */ = {
			isa = PBXGroup;
			children = (
			);
			path = Model;
			sourceTree = "<group>";
		};
		C2DFBF10EA08DF277FA05328 /* Pods */ = {
			isa = PBXGroup;
			children = (
				6B815F55C0DD07D305E73BD5 /* Pods-MyCalendar.debug.xcconfig */,
				D0AE01226C5E5F919FEB600E /* Pods-MyCalendar.release.xcconfig */,
			);
			path = Pods;
			sourceTree = "<group>";
		};
/* End PBXGroup section */

/* Begin PBXNativeTarget section */
		841FD04424A35C720039E4E0 /* MyCalendar */ = {
			isa = PBXNativeTarget;
			buildConfigurationList = 841FD05924A35C740039E4E0 /* Build configuration list for PBXNativeTarget "MyCalendar" */;
			buildPhases = (
				CC7FF9158722E757FCEA23F6 /* [CP] Check Pods Manifest.lock */,
				841FD04124A35C720039E4E0 /* Sources */,
				841FD04224A35C720039E4E0 /* Frameworks */,
				841FD04324A35C720039E4E0 /* Resources */,
				4345196082FFBA23FF323C40 /* [CP] Embed Pods Frameworks */,
			);
			buildRules = (
			);
			dependencies = (
			);
			name = MyCalendar;
			productName = MyCalendar;
			productReference = 841FD04524A35C720039E4E0 /* MyCalendar.app */;
			productType = "com.apple.product-type.application";
		};
/* End PBXNativeTarget section */

/* Begin PBXProject section */
		841FD03D24A35C720039E4E0 /* Project object */ = {
			isa = PBXProject;
			attributes = {
				LastSwiftUpdateCheck = 1150;
				LastUpgradeCheck = 1150;
				ORGANIZATIONNAME = "Ayuki Nishioka";
				TargetAttributes = {
					841FD04424A35C720039E4E0 = {
						CreatedOnToolsVersion = 11.5;
					};
				};
			};
			buildConfigurationList = 841FD04024A35C720039E4E0 /* Build configuration list for PBXProject "MyCalendar" */;
			compatibilityVersion = "Xcode 9.3";
			developmentRegion = en;
			hasScannedForEncodings = 0;
			knownRegions = (
				en,
				Base,
			);
			mainGroup = 841FD03C24A35C720039E4E0;
			productRefGroup = 841FD04624A35C720039E4E0 /* Products */;
			projectDirPath = "";
			projectRoot = "";
			targets = (
				841FD04424A35C720039E4E0 /* MyCalendar */,
			);
		};
/* End PBXProject section */

/* Begin PBXResourcesBuildPhase section */
		841FD04324A35C720039E4E0 /* Resources */ = {
			isa = PBXResourcesBuildPhase;
			buildActionMask = 2147483647;
			files = (
				8463562824B88363002C3962 /* DateCustomCell.xib in Resources */,
				845B910324B9DBEC000A44C7 /* TimeCustomCell.xib in Resources */,
				841FD05524A35C740039E4E0 /* LaunchScreen.storyboard in Resources */,
				8463562424B87E26002C3962 /* CustomCell.xib in Resources */,
				841FD05224A35C740039E4E0 /* Assets.xcassets in Resources */,
				845B90F724B9AD9E000A44C7 /* StatusCustomCell.xib in Resources */,
				845B910724B9E577000A44C7 /* MemoCustomCell.xib in Resources */,
				845B90FF24B9AEB8000A44C7 /* NoticeCustomCell.xib in Resources */,
				841FD05024A35C720039E4E0 /* Main.storyboard in Resources */,
			);
			runOnlyForDeploymentPostprocessing = 0;
		};
/* End PBXResourcesBuildPhase section */

/* Begin PBXShellScriptBuildPhase section */
		4345196082FFBA23FF323C40 /* [CP] Embed Pods Frameworks */ = {
			isa = PBXShellScriptBuildPhase;
			buildActionMask = 2147483647;
			files = (
			);
			inputFileListPaths = (
				"${PODS_ROOT}/Target Support Files/Pods-MyCalendar/Pods-MyCalendar-frameworks-${CONFIGURATION}-input-files.xcfilelist",
			);
			name = "[CP] Embed Pods Frameworks";
			outputFileListPaths = (
				"${PODS_ROOT}/Target Support Files/Pods-MyCalendar/Pods-MyCalendar-frameworks-${CONFIGURATION}-output-files.xcfilelist",
			);
			runOnlyForDeploymentPostprocessing = 0;
			shellPath = /bin/sh;
			shellScript = "\"${PODS_ROOT}/Target Support Files/Pods-MyCalendar/Pods-MyCalendar-frameworks.sh\"\n";
			showEnvVarsInLog = 0;
		};
		CC7FF9158722E757FCEA23F6 /* [CP] Check Pods Manifest.lock */ = {
			isa = PBXShellScriptBuildPhase;
			buildActionMask = 2147483647;
			files = (
			);
			inputFileListPaths = (
			);
			inputPaths = (
				"${PODS_PODFILE_DIR_PATH}/Podfile.lock",
				"${PODS_ROOT}/Manifest.lock",
			);
			name = "[CP] Check Pods Manifest.lock";
			outputFileListPaths = (
			);
			outputPaths = (
				"$(DERIVED_FILE_DIR)/Pods-MyCalendar-checkManifestLockResult.txt",
			);
			runOnlyForDeploymentPostprocessing = 0;
			shellPath = /bin/sh;
			shellScript = "diff \"${PODS_PODFILE_DIR_PATH}/Podfile.lock\" \"${PODS_ROOT}/Manifest.lock\" > /dev/null\nif [ $? != 0 ] ; then\n    # print error to STDERR\n    echo \"error: The sandbox is not in sync with the Podfile.lock. Run 'pod install' or update your CocoaPods installation.\" >&2\n    exit 1\nfi\n# This output is used by Xcode 'outputs' to avoid re-running this script phase.\necho \"SUCCESS\" > \"${SCRIPT_OUTPUT_FILE_0}\"\n";
			showEnvVarsInLog = 0;
		};
/* End PBXShellScriptBuildPhase section */

/* Begin PBXSourcesBuildPhase section */
		841FD04124A35C720039E4E0 /* Sources */ = {
			isa = PBXSourcesBuildPhase;
			buildActionMask = 2147483647;
			files = (
				845B90F624B9AD9E000A44C7 /* StatusCustomCell.swift in Sources */,
				8463562724B88363002C3962 /* DateCustomCell.swift in Sources */,
				8463562324B87E26002C3962 /* CustomCell.swift in Sources */,
				845B90FE24B9AEB8000A44C7 /* NoticeCustomCell.swift in Sources */,
				8463562024B87A75002C3962 /* CreateViewController.swift in Sources */,
				841FD04D24A35C720039E4E0 /* ViewController.swift in Sources */,
				845B910224B9DBEC000A44C7 /* TimeCustomCell.swift in Sources */,
				841FD04924A35C720039E4E0 /* AppDelegate.swift in Sources */,
				845B910624B9E577000A44C7 /* MemoCustomCell.swift in Sources */,
				841FD04B24A35C720039E4E0 /* SceneDelegate.swift in Sources */,
			);
			runOnlyForDeploymentPostprocessing = 0;
		};
/* End PBXSourcesBuildPhase section */

/* Begin PBXVariantGroup section */
		841FD04E24A35C720039E4E0 /* Main.storyboard */ = {
			isa = PBXVariantGroup;
			children = (
				841FD04F24A35C720039E4E0 /* Base */,
			);
			name = Main.storyboard;
			sourceTree = "<group>";
		};
		841FD05324A35C740039E4E0 /* LaunchScreen.storyboard */ = {
			isa = PBXVariantGroup;
			children = (
				841FD05424A35C740039E4E0 /* Base */,
			);
			name = LaunchScreen.storyboard;
			sourceTree = "<group>";
		};
/* End PBXVariantGroup section */

/* Begin XCBuildConfiguration section */
		841FD05724A35C740039E4E0 /* Debug */ = {
			isa = XCBuildConfiguration;
			buildSettings = {
				ALWAYS_SEARCH_USER_PATHS = NO;
				CLANG_ANALYZER_NONNULL = YES;
				CLANG_ANALYZER_NUMBER_OBJECT_CONVERSION = YES_AGGRESSIVE;
				CLANG_CXX_LANGUAGE_STANDARD = "gnu++14";
				CLANG_CXX_LIBRARY = "libc++";
				CLANG_ENABLE_MODULES = YES;
				CLANG_ENABLE_OBJC_ARC = YES;
				CLANG_ENABLE_OBJC_WEAK = YES;
				CLANG_WARN_BLOCK_CAPTURE_AUTORELEASING = YES;
				CLANG_WARN_BOOL_CONVERSION = YES;
				CLANG_WARN_COMMA = YES;
				CLANG_WARN_CONSTANT_CONVERSION = YES;
				CLANG_WARN_DEPRECATED_OBJC_IMPLEMENTATIONS = YES;
				CLANG_WARN_DIRECT_OBJC_ISA_USAGE = YES_ERROR;
				CLANG_WARN_DOCUMENTATION_COMMENTS = YES;
				CLANG_WARN_EMPTY_BODY = YES;
				CLANG_WARN_ENUM_CONVERSION = YES;
				CLANG_WARN_INFINITE_RECURSION = YES;
				CLANG_WARN_INT_CONVERSION = YES;
				CLANG_WARN_NON_LITERAL_NULL_CONVERSION = YES;
				CLANG_WARN_OBJC_IMPLICIT_RETAIN_SELF = YES;
				CLANG_WARN_OBJC_LITERAL_CONVERSION = YES;
				CLANG_WARN_OBJC_ROOT_CLASS = YES_ERROR;
				CLANG_WARN_RANGE_LOOP_ANALYSIS = YES;
				CLANG_WARN_STRICT_PROTOTYPES = YES;
				CLANG_WARN_SUSPICIOUS_MOVE = YES;
				CLANG_WARN_UNGUARDED_AVAILABILITY = YES_AGGRESSIVE;
				CLANG_WARN_UNREACHABLE_CODE = YES;
				CLANG_WARN__DUPLICATE_METHOD_MATCH = YES;
				COPY_PHASE_STRIP = NO;
				DEBUG_INFORMATION_FORMAT = dwarf;
				ENABLE_STRICT_OBJC_MSGSEND = YES;
				ENABLE_TESTABILITY = YES;
				GCC_C_LANGUAGE_STANDARD = gnu11;
				GCC_DYNAMIC_NO_PIC = NO;
				GCC_NO_COMMON_BLOCKS = YES;
				GCC_OPTIMIZATION_LEVEL = 0;
				GCC_PREPROCESSOR_DEFINITIONS = (
					"DEBUG=1",
					"$(inherited)",
				);
				GCC_WARN_64_TO_32_BIT_CONVERSION = YES;
				GCC_WARN_ABOUT_RETURN_TYPE = YES_ERROR;
				GCC_WARN_UNDECLARED_SELECTOR = YES;
				GCC_WARN_UNINITIALIZED_AUTOS = YES_AGGRESSIVE;
				GCC_WARN_UNUSED_FUNCTION = YES;
				GCC_WARN_UNUSED_VARIABLE = YES;
				IPHONEOS_DEPLOYMENT_TARGET = 13.5;
				MTL_ENABLE_DEBUG_INFO = INCLUDE_SOURCE;
				MTL_FAST_MATH = YES;
				ONLY_ACTIVE_ARCH = YES;
				SDKROOT = iphoneos;
				SWIFT_ACTIVE_COMPILATION_CONDITIONS = DEBUG;
				SWIFT_OPTIMIZATION_LEVEL = "-Onone";
			};
			name = Debug;
		};
		841FD05824A35C740039E4E0 /* Release */ = {
			isa = XCBuildConfiguration;
			buildSettings = {
				ALWAYS_SEARCH_USER_PATHS = NO;
				CLANG_ANALYZER_NONNULL = YES;
				CLANG_ANALYZER_NUMBER_OBJECT_CONVERSION = YES_AGGRESSIVE;
				CLANG_CXX_LANGUAGE_STANDARD = "gnu++14";
				CLANG_CXX_LIBRARY = "libc++";
				CLANG_ENABLE_MODULES = YES;
				CLANG_ENABLE_OBJC_ARC = YES;
				CLANG_ENABLE_OBJC_WEAK = YES;
				CLANG_WARN_BLOCK_CAPTURE_AUTORELEASING = YES;
				CLANG_WARN_BOOL_CONVERSION = YES;
				CLANG_WARN_COMMA = YES;
				CLANG_WARN_CONSTANT_CONVERSION = YES;
				CLANG_WARN_DEPRECATED_OBJC_IMPLEMENTATIONS = YES;
				CLANG_WARN_DIRECT_OBJC_ISA_USAGE = YES_ERROR;
				CLANG_WARN_DOCUMENTATION_COMMENTS = YES;
				CLANG_WARN_EMPTY_BODY = YES;
				CLANG_WARN_ENUM_CONVERSION = YES;
				CLANG_WARN_INFINITE_RECURSION = YES;
				CLANG_WARN_INT_CONVERSION = YES;
				CLANG_WARN_NON_LITERAL_NULL_CONVERSION = YES;
				CLANG_WARN_OBJC_IMPLICIT_RETAIN_SELF = YES;
				CLANG_WARN_OBJC_LITERAL_CONVERSION = YES;
				CLANG_WARN_OBJC_ROOT_CLASS = YES_ERROR;
				CLANG_WARN_RANGE_LOOP_ANALYSIS = YES;
				CLANG_WARN_STRICT_PROTOTYPES = YES;
				CLANG_WARN_SUSPICIOUS_MOVE = YES;
				CLANG_WARN_UNGUARDED_AVAILABILITY = YES_AGGRESSIVE;
				CLANG_WARN_UNREACHABLE_CODE = YES;
				CLANG_WARN__DUPLICATE_METHOD_MATCH = YES;
				COPY_PHASE_STRIP = NO;
				DEBUG_INFORMATION_FORMAT = "dwarf-with-dsym";
				ENABLE_NS_ASSERTIONS = NO;
				ENABLE_STRICT_OBJC_MSGSEND = YES;
				GCC_C_LANGUAGE_STANDARD = gnu11;
				GCC_NO_COMMON_BLOCKS = YES;
				GCC_WARN_64_TO_32_BIT_CONVERSION = YES;
				GCC_WARN_ABOUT_RETURN_TYPE = YES_ERROR;
				GCC_WARN_UNDECLARED_SELECTOR = YES;
				GCC_WARN_UNINITIALIZED_AUTOS = YES_AGGRESSIVE;
				GCC_WARN_UNUSED_FUNCTION = YES;
				GCC_WARN_UNUSED_VARIABLE = YES;
				IPHONEOS_DEPLOYMENT_TARGET = 13.5;
				MTL_ENABLE_DEBUG_INFO = NO;
				MTL_FAST_MATH = YES;
				SDKROOT = iphoneos;
				SWIFT_COMPILATION_MODE = wholemodule;
				SWIFT_OPTIMIZATION_LEVEL = "-O";
				VALIDATE_PRODUCT = YES;
			};
			name = Release;
		};
		841FD05A24A35C740039E4E0 /* Debug */ = {
			isa = XCBuildConfiguration;
			baseConfigurationReference = 6B815F55C0DD07D305E73BD5 /* Pods-MyCalendar.debug.xcconfig */;
			buildSettings = {
				ASSETCATALOG_COMPILER_APPICON_NAME = AppIcon;
				CODE_SIGN_STYLE = Automatic;
				DEVELOPMENT_TEAM = ZAK9L8SB5W;
				INFOPLIST_FILE = MyCalendar/Info.plist;
				LD_RUNPATH_SEARCH_PATHS = (
					"$(inherited)",
					"@executable_path/Frameworks",
				);
				PRODUCT_BUNDLE_IDENTIFIER = com.gmail.uf1ohdpwgm.MyCalendar;
				PRODUCT_NAME = "$(TARGET_NAME)";
				SWIFT_VERSION = 5.0;
				TARGETED_DEVICE_FAMILY = "1,2";
			};
			name = Debug;
		};
		841FD05B24A35C740039E4E0 /* Release */ = {
			isa = XCBuildConfiguration;
			baseConfigurationReference = D0AE01226C5E5F919FEB600E /* Pods-MyCalendar.release.xcconfig */;
			buildSettings = {
				ASSETCATALOG_COMPILER_APPICON_NAME = AppIcon;
				CODE_SIGN_STYLE = Automatic;
				DEVELOPMENT_TEAM = ZAK9L8SB5W;
				INFOPLIST_FILE = MyCalendar/Info.plist;
				LD_RUNPATH_SEARCH_PATHS = (
					"$(inherited)",
					"@executable_path/Frameworks",
				);
				PRODUCT_BUNDLE_IDENTIFIER = com.gmail.uf1ohdpwgm.MyCalendar;
				PRODUCT_NAME = "$(TARGET_NAME)";
				SWIFT_VERSION = 5.0;
				TARGETED_DEVICE_FAMILY = "1,2";
			};
			name = Release;
		};
/* End XCBuildConfiguration section */

/* Begin XCConfigurationList section */
		841FD04024A35C720039E4E0 /* Build configuration list for PBXProject "MyCalendar" */ = {
			isa = XCConfigurationList;
			buildConfigurations = (
				841FD05724A35C740039E4E0 /* Debug */,
				841FD05824A35C740039E4E0 /* Release */,
			);
			defaultConfigurationIsVisible = 0;
			defaultConfigurationName = Release;
		};
		841FD05924A35C740039E4E0 /* Build configuration list for PBXNativeTarget "MyCalendar" */ = {
			isa = XCConfigurationList;
			buildConfigurations = (
				841FD05A24A35C740039E4E0 /* Debug */,
				841FD05B24A35C740039E4E0 /* Release */,
			);
			defaultConfigurationIsVisible = 0;
			defaultConfigurationName = Release;
		};
/* End XCConfigurationList section */
	};
	rootObject = 841FD03D24A35C720039E4E0 /* Project object */;
}
